Microsoft Visual Studio Solution File, Format Version 12.00
# Visual Studio Version 17
VisualStudioVersion = 17.0.31903.59
MinimumVisualStudioVersion = 10.0.40219.1
Project("{2150E333-8FDC-42A3-9474-1A3956D46DE8}") = "src", "src", "{DFC7CFE5-8219-4A9F-A4B3-7275C0F6023A}"
EndProject
Project("{FAE04EC0-301F-11D3-BF4B-00C04F79EFBC}") = "RotaViagem.Domain", "src\RotaViagem.Domain\RotaViagem.Domain.csproj", "{9A19103F-16F7-4668-BE54-9A1E7A4F7556}"
EndProject
Project("{FAE04EC0-301F-11D3-BF4B-00C04F79EFBC}") = "RotaViagem.Application", "src\RotaViagem.Application\RotaViagem.Application.csproj", "{3BC0AC7E-3B3B-4D3D-9CC3-6FF2FE6F5FDB}"
EndProject
Project("{FAE04EC0-301F-11D3-BF4B-00C04F79EFBC}") = "RotaViagem.Infrastructure", "src\RotaViagem.Infrastructure\RotaViagem.Infrastructure.csproj", "{7FE3BE5E-00D2-4A68-9868-A8E7E84C4D19}"
EndProject
Project("{FAE04EC0-301F-11D3-BF4B-00C04F79EFBC}") = "RotaViagem.API", "src\RotaViagem.API\RotaViagem.API.csproj", "{5D2EEEFE-8F6B-4897-AC41-1B876FD806A3}"
EndProject
Project("{FAE04EC0-301F-11D3-BF4B-00C04F79EFBC}") = "RotaViagem.DependencyInjection", "src\RotaViagem.DependencyInjection\RotaViagem.DependencyInjection.csproj", "{4D2EEEFE-8F6B-4897-AC41-1B876FD806A4}"
EndProject
Project("{2150E333-8FDC-42A3-9474-1A3956D46DE8}") = "tests", "tests", "{E3A5C35C-0570-4756-83D9-4D74E2097FF3}"
EndProject
Project("{FAE04EC0-301F-11D3-BF4B-00C04F79EFBC}") = "RotaViagem.Tests", "tests\RotaViagem.Tests\RotaViagem.Tests.csproj", "{F0B8FCE6-60B1-4088-8916-4539399646BB}"
EndProject
Global
	GlobalSection(SolutionConfigurationPlatforms) = preSolution
		Debug|Any CPU = Debug|Any CPU
		Release|Any CPU = Release|Any CPU
	EndGlobalSection
	GlobalSection(SolutionProperties) = preSolution
		HideSolutionNode = FALSE
	EndGlobalSection
	GlobalSection(ProjectConfigurationPlatforms) = postSolution
		{9A19103F-16F7-4668-BE54-9A1E7A4F7556}.Debug|Any CPU.ActiveCfg = Debug|Any CPU
		{9A19103F-16F7-4668-BE54-9A1E7A4F7556}.Debug|Any CPU.Build.0 = Debug|Any CPU
		{9A19103F-16F7-4668-BE54-9A1E7A4F7556}.Release|Any CPU.ActiveCfg = Release|Any CPU
		{9A19103F-16F7-4668-BE54-9A1E7A4F7556}.Release|Any CPU.Build.0 = Release|Any CPU
		{3BC0AC7E-3B3B-4D3D-9CC3-6FF2FE6F5FDB}.Debug|Any CPU.ActiveCfg = Debug|Any CPU
		{3BC0AC7E-3B3B-4D3D-9CC3-6FF2FE6F5FDB}.Debug|Any CPU.Build.0 = Debug|Any CPU
		{3BC0AC7E-3B3B-4D3D-9CC3-6FF2FE6F5FDB}.Release|Any CPU.ActiveCfg = Release|Any CPU
		{3BC0AC7E-3B3B-4D3D-9CC3-6FF2FE6F5FDB}.Release|Any CPU.Build.0 = Release|Any CPU
		{7FE3BE5E-00D2-4A68-9868-A8E7E84C4D19}.Debug|Any CPU.ActiveCfg = Debug|Any CPU
		{7FE3BE5E-00D2-4A68-9868-A8E7E84C4D19}.Debug|Any CPU.Build.0 = Debug|Any CPU
		{7FE3BE5E-00D2-4A68-9868-A8E7E84C4D19}.Release|Any CPU.ActiveCfg = Release|Any CPU
		{7FE3BE5E-00D2-4A68-9868-A8E7E84C4D19}.Release|Any CPU.Build.0 = Release|Any CPU
		{5D2EEEFE-8F6B-4897-AC41-1B876FD806A3}.Debug|Any CPU.ActiveCfg = Debug|Any CPU
		{5D2EEEFE-8F6B-4897-AC41-1B876FD806A3}.Debug|Any CPU.Build.0 = Debug|Any CPU
		{5D2EEEFE-8F6B-4897-AC41-1B876FD806A3}.Release|Any CPU.ActiveCfg = Release|Any CPU
		{5D2EEEFE-8F6B-4897-AC41-1B876FD806A3}.Release|Any CPU.Build.0 = Release|Any CPU
		{4D2EEEFE-8F6B-4897-AC41-1B876FD806A4}.Debug|Any CPU.ActiveCfg = Debug|Any CPU
		{4D2EEEFE-8F6B-4897-AC41-1B876FD806A4}.Debug|Any CPU.Build.0 = Debug|Any CPU
		{4D2EEEFE-8F6B-4897-AC41-1B876FD806A4}.Release|Any CPU.ActiveCfg = Release|Any CPU
		{4D2EEEFE-8F6B-4897-AC41-1B876FD806A4}.Release|Any CPU.Build.0 = Release|Any CPU
		{F0B8FCE6-60B1-4088-8916-4539399646BB}.Debug|Any CPU.ActiveCfg = Debug|Any CPU
		{F0B8FCE6-60B1-4088-8916-4539399646BB}.Debug|Any CPU.Build.0 = Debug|Any CPU
		{F0B8FCE6-60B1-4088-8916-4539399646BB}.Release|Any CPU.ActiveCfg = Release|Any CPU
		{F0B8FCE6-60B1-4088-8916-4539399646BB}.Release|Any CPU.Build.0 = Release|Any CPU
	EndGlobalSection
	GlobalSection(NestedProjects) = preSolution
		{9A19103F-16F7-4668-BE54-9A1E7A4F7556} = {DFC7CFE5-8219-4A9F-A4B3-7275C0F6023A}
		{3BC0AC7E-3B3B-4D3D-9CC3-6FF2FE6F5FDB} = {DFC7CFE5-8219-4A9F-A4B3-7275C0F6023A}
		{7FE3BE5E-00D2-4A68-9868-A8E7E84C4D19} = {DFC7CFE5-8219-4A9F-A4B3-7275C0F6023A}
		{5D2EEEFE-8F6B-4897-AC41-1B876FD806A3} = {DFC7CFE5-8219-4A9F-A4B3-7275C0F6023A}
		{4D2EEEFE-8F6B-4897-AC41-1B876FD806A4} = {DFC7CFE5-8219-4A9F-A4B3-7275C0F6023A}
		{F0B8FCE6-60B1-4088-8916-4539399646BB} = {E3A5C35C-0570-4756-83D9-4D74E2097FF3}
	EndGlobalSection
EndGlobal